github.com/nunocoracao/blowfish v1.1.1 h1:iXl+kiXmZAhJvWrNwaqIR+MiEJgPHPKIB+DU+N08ve0=
github.com/nunocoracao/blowfish v1.1.1/go.mod h1:vKwVEX60Gjn/9B4C16WkS8iD5S06d42NlQk4rllZasg=
github.com/nunocoracao/blowfish v1.2.0 h1:yfDkjT4DXUrgDUk4cMP8y1SPxiSbqkCe8FRMumseOyU=
github.com/nunocoracao/blowfish v1.2.0/go.mod h1:vKwVEX60Gjn/9B4C16WkS8iD5S06d42NlQk4rllZasg=
