github.com/nunocoracao/blowfish v1.3.3 h1:PL0xSgAfMl8/8uxgK05rec7i4bcVqNkxqs9V+Gdsj4c=
github.com/nunocoracao/blowfish v1.3.3/go.mod h1:vKwVEX60Gjn/9B4C16WkS8iD5S06d42NlQk4rllZasg=
github.com/nunocoracao/blowfish v1.3.4 h1:qFOgrc6RW3VS+IhbUzOU7M2edjMdTnv5ywI3kl48vFQ=
github.com/nunocoracao/blowfish v1.3.4/go.mod h1:vKwVEX60Gjn/9B4C16WkS8iD5S06d42NlQk4rllZasg=
